// !$*UTF8*$!
{
	archiveVersion = 1;
	classes = {
	};
	objectVersion = 56;
	objects = {

/* Begin PBXBuildFile section */
		3AB3AB0E293251310004C554 /* AppDelegate.swift in Sources */ = {isa = PBXBuildFile; fileRef = 3AB3AB0D293251310004C554 /* AppDelegate.swift */; };
		3AB3AB12293251310004C554 /* LoginViewController.swift in Sources */ = {isa = PBXBuildFile; fileRef = 3AB3AB11293251310004C554 /* LoginViewController.swift */; };
		3AB3AB17293251320004C554 /* Assets.xcassets in Resources */ = {isa = PBXBuildFile; fileRef = 3AB3AB16293251320004C554 /* Assets.xcassets */; };
		3AB3AB1A293251320004C554 /* LaunchScreen.storyboard in Resources */ = {isa = PBXBuildFile; fileRef = 3AB3AB18293251320004C554 /* LaunchScreen.storyboard */; };
		3AB3AB252932562A0004C554 /* LoginView.swift in Sources */ = {isa = PBXBuildFile; fileRef = 3AB3AB242932562A0004C554 /* LoginView.swift */; };
		3AB3AB282933C67A0004C554 /* OnboardingContainerViewController.swift in Sources */ = {isa = PBXBuildFile; fileRef = 3AB3AB272933C67A0004C554 /* OnboardingContainerViewController.swift */; };
		3AB3AB2A2933DD7C0004C554 /* OnboardingView.swift in Sources */ = {isa = PBXBuildFile; fileRef = 3AB3AB292933DD7C0004C554 /* OnboardingView.swift */; };
		3AB3AB2C2933F55D0004C554 /* DummyViewController.swift in Sources */ = {isa = PBXBuildFile; fileRef = 3AB3AB2B2933F55D0004C554 /* DummyViewController.swift */; };
		3AB3AB2F2933FAF20004C554 /* LocalState.swift in Sources */ = {isa = PBXBuildFile; fileRef = 3AB3AB2E2933FAF20004C554 /* LocalState.swift */; };
		3AB3AB312936ABE10004C554 /* UIViewController+Utils.swift in Sources */ = {isa = PBXBuildFile; fileRef = 3AB3AB302936ABE10004C554 /* UIViewController+Utils.swift */; };
		3AB3AB332936AEAA0004C554 /* MainViewController.swift in Sources */ = {isa = PBXBuildFile; fileRef = 3AB3AB322936AEAA0004C554 /* MainViewController.swift */; };
		3AB3AB352936AF160004C554 /* AccountSummaryViewController.swift in Sources */ = {isa = PBXBuildFile; fileRef = 3AB3AB342936AF160004C554 /* AccountSummaryViewController.swift */; };
		3AB3AB372936AF200004C554 /* MoveMoneyViewController.swift in Sources */ = {isa = PBXBuildFile; fileRef = 3AB3AB362936AF200004C554 /* MoveMoneyViewController.swift */; };
		3AB3AB392936AF280004C554 /* MoreViewController.swift in Sources */ = {isa = PBXBuildFile; fileRef = 3AB3AB382936AF280004C554 /* MoreViewController.swift */; };
		3AB3AB3C2937B2420004C554 /* AccountSummaryHeaderView.swift in Sources */ = {isa = PBXBuildFile; fileRef = 3AB3AB3B2937B2420004C554 /* AccountSummaryHeaderView.swift */; };
		3AB3AB3E2937B2620004C554 /* AccountSummaryHeaderView.xib in Resources */ = {isa = PBXBuildFile; fileRef = 3AB3AB3D2937B2620004C554 /* AccountSummaryHeaderView.xib */; };
		3AB3AB422937DFD00004C554 /* AccountSummaryCell.swift in Sources */ = {isa = PBXBuildFile; fileRef = 3AB3AB412937DFD00004C554 /* AccountSummaryCell.swift */; };
/* End PBXBuildFile section */

/* Begin PBXFileReference section */
		3AB3AB0A293251310004C554 /* BankApp.app */ = {isa = PBXFileReference; explicitFileType = wrapper.application; includeInIndex = 0; path = BankApp.app; sourceTree = BUILT_PRODUCTS_DIR; };
		3AB3AB0D293251310004C554 /* AppDelegate.swift */ = {isa = PBXFileReference; lastKnownFileType = sourcecode.swift; path = AppDelegate.swift; sourceTree = "<group>"; };
		3AB3AB11293251310004C554 /* LoginViewController.swift */ = {isa = PBXFileReference; lastKnownFileType = sourcecode.swift; path = LoginViewController.swift; sourceTree = "<group>"; };
		3AB3AB16293251320004C554 /* Assets.xcassets */ = {isa = PBXFileReference; lastKnownFileType = folder.assetcatalog; path = Assets.xcassets; sourceTree = "<group>"; };
		3AB3AB19293251320004C554 /* Base */ = {isa = PBXFileReference; lastKnownFileType = file.storyboard; name = Base; path = Base.lproj/LaunchScreen.storyboard; sourceTree = "<group>"; };
		3AB3AB1B293251320004C554 /* Info.plist */ = {isa = PBXFileReference; lastKnownFileType = text.plist.xml; path = Info.plist; sourceTree = "<group>"; };
		3AB3AB242932562A0004C554 /* LoginView.swift */ = {isa = PBXFileReference; lastKnownFileType = sourcecode.swift; path = LoginView.swift; sourceTree = "<group>"; };
		3AB3AB272933C67A0004C554 /* OnboardingContainerViewController.swift */ = {isa = PBXFileReference; lastKnownFileType = sourcecode.swift; path = OnboardingContainerViewController.swift; sourceTree = "<group>"; };
		3AB3AB292933DD7C0004C554 /* OnboardingView.swift */ = {isa = PBXFileReference; lastKnownFileType = sourcecode.swift; path = OnboardingView.swift; sourceTree = "<group>"; };
		3AB3AB2B2933F55D0004C554 /* DummyViewController.swift */ = {isa = PBXFileReference; lastKnownFileType = sourcecode.swift; path = DummyViewController.swift; sourceTree = "<group>"; };
		3AB3AB2E2933FAF20004C554 /* LocalState.swift */ = {isa = PBXFileReference; lastKnownFileType = sourcecode.swift; path = LocalState.swift; sourceTree = "<group>"; };
		3AB3AB302936ABE10004C554 /* UIViewController+Utils.swift */ = {isa = PBXFileReference; lastKnownFileType = sourcecode.swift; path = "UIViewController+Utils.swift"; sourceTree = "<group>"; };
		3AB3AB322936AEAA0004C554 /* MainViewController.swift */ = {isa = PBXFileReference; lastKnownFileType = sourcecode.swift; path = MainViewController.swift; sourceTree = "<group>"; };
		3AB3AB342936AF160004C554 /* AccountSummaryViewController.swift */ = {isa = PBXFileReference; lastKnownFileType = sourcecode.swift; path = AccountSummaryViewController.swift; sourceTree = "<group>"; };
		3AB3AB362936AF200004C554 /* MoveMoneyViewController.swift */ = {isa = PBXFileReference; lastKnownFileType = sourcecode.swift; path = MoveMoneyViewController.swift; sourceTree = "<group>"; };
		3AB3AB382936AF280004C554 /* MoreViewController.swift */ = {isa = PBXFileReference; lastKnownFileType = sourcecode.swift; path = MoreViewController.swift; sourceTree = "<group>"; };
		3AB3AB3B2937B2420004C554 /* AccountSummaryHeaderView.swift */ = {isa = PBXFileReference; lastKnownFileType = sourcecode.swift; path = AccountSummaryHeaderView.swift; sourceTree = "<group>"; };
		3AB3AB3D2937B2620004C554 /* AccountSummaryHeaderView.xib */ = {isa = PBXFileReference; lastKnownFileType = file.xib; path = AccountSummaryHeaderView.xib; sourceTree = "<group>"; };
		3AB3AB412937DFD00004C554 /* AccountSummaryCell.swift */ = {isa = PBXFileReference; lastKnownFileType = sourcecode.swift; path = AccountSummaryCell.swift; sourceTree = "<group>"; };
/* End PBXFileReference section */

/* Begin PBXFrameworksBuildPhase section */
		3AB3AB07293251310004C554 /* Frameworks */ = {
			isa = PBXFrameworksBuildPhase;
			buildActionMask = 2147483647;
			files = (
			);
			runOnlyForDeploymentPostprocessing = 0;
		};
/* End PBXFrameworksBuildPhase section */

/* Begin PBXGroup section */
		3AB3AB01293251310004C554 = {
			isa = PBXGroup;
			children = (
				3AB3AB0C293251310004C554 /* BankApp */,
				3AB3AB0B293251310004C554 /* Products */,
			);
			sourceTree = "<group>";
		};
		3AB3AB0B293251310004C554 /* Products */ = {
			isa = PBXGroup;
			children = (
				3AB3AB0A293251310004C554 /* BankApp.app */,
			);
			name = Products;
			sourceTree = "<group>";
		};
		3AB3AB0C293251310004C554 /* BankApp */ = {
			isa = PBXGroup;
			children = (
				3AB3AB0D293251310004C554 /* AppDelegate.swift */,
				3AB3AB322936AEAA0004C554 /* MainViewController.swift */,
				3AB3AB232932560A0004C554 /* Login */,
				3AB3AB262933C60B0004C554 /* Onboarding */,
				3AB3AB3A2937AC000004C554 /* AccountSummary */,
				3AB3AB2D2933FAE50004C554 /* Utils */,
				3AB3AB212932559F0004C554 /* Files */,
				3AB3AB362936AF200004C554 /* MoveMoneyViewController.swift */,
				3AB3AB382936AF280004C554 /* MoreViewController.swift */,
			);
			path = BankApp;
			sourceTree = "<group>";
		};
		3AB3AB212932559F0004C554 /* Files */ = {
			isa = PBXGroup;
			children = (
				3AB3AB16293251320004C554 /* Assets.xcassets */,
				3AB3AB18293251320004C554 /* LaunchScreen.storyboard */,
				3AB3AB1B293251320004C554 /* Info.plist */,
			);
			name = Files;
			sourceTree = "<group>";
		};
		3AB3AB232932560A0004C554 /* Login */ = {
			isa = PBXGroup;
			children = (
				3AB3AB11293251310004C554 /* LoginViewController.swift */,
				3AB3AB242932562A0004C554 /* LoginView.swift */,
				3AB3AB2B2933F55D0004C554 /* DummyViewController.swift */,
			);
			path = Login;
			sourceTree = "<group>";
		};
		3AB3AB262933C60B0004C554 /* Onboarding */ = {
			isa = PBXGroup;
			children = (
				3AB3AB272933C67A0004C554 /* OnboardingContainerViewController.swift */,
				3AB3AB292933DD7C0004C554 /* OnboardingView.swift */,
			);
			path = Onboarding;
			sourceTree = "<group>";
		};
		3AB3AB2D2933FAE50004C554 /* Utils */ = {
			isa = PBXGroup;
			children = (
				3AB3AB2E2933FAF20004C554 /* LocalState.swift */,
				3AB3AB302936ABE10004C554 /* UIViewController+Utils.swift */,
			);
			path = Utils;
			sourceTree = "<group>";
		};
		3AB3AB3A2937AC000004C554 /* AccountSummary */ = {
			isa = PBXGroup;
			children = (
				3AB3AB342936AF160004C554 /* AccountSummaryViewController.swift */,
				3AB3AB3F2937DF8C0004C554 /* Header */,
				3AB3AB402937DF9E0004C554 /* Cells */,
			);
			path = AccountSummary;
			sourceTree = "<group>";
		};
		3AB3AB3F2937DF8C0004C554 /* Header */ = {
			isa = PBXGroup;
			children = (
				3AB3AB3B2937B2420004C554 /* AccountSummaryHeaderView.swift */,
				3AB3AB3D2937B2620004C554 /* AccountSummaryHeaderView.xib */,
			);
			path = Header;
			sourceTree = "<group>";
		};
		3AB3AB402937DF9E0004C554 /* Cells */ = {
			isa = PBXGroup;
			children = (
				3AB3AB412937DFD00004C554 /* AccountSummaryCell.swift */,
			);
			path = Cells;
			sourceTree = "<group>";
		};
/* End PBXGroup section */

/* Begin PBXNativeTarget section */
		3AB3AB09293251310004C554 /* BankApp */ = {
			isa = PBXNativeTarget;
			buildConfigurationList = 3AB3AB1E293251320004C554 /* Build configuration list for PBXNativeTarget "BankApp" */;
			buildPhases = (
				3AB3AB06293251310004C554 /* Sources */,
				3AB3AB07293251310004C554 /* Frameworks */,
				3AB3AB08293251310004C554 /* Resources */,
			);
			buildRules = (
			);
			dependencies = (
			);
			name = BankApp;
			productName = BankApp;
			productReference = 3AB3AB0A293251310004C554 /* BankApp.app */;
			productType = "com.apple.product-type.application";
		};
/* End PBXNativeTarget section */

/* Begin PBXProject section */
		3AB3AB02293251310004C554 /* Project object */ = {
			isa = PBXProject;
			attributes = {
				BuildIndependentTargetsInParallel = 1;
				LastSwiftUpdateCheck = 1410;
				LastUpgradeCheck = 1410;
				TargetAttributes = {
					3AB3AB09293251310004C554 = {
						CreatedOnToolsVersion = 14.1;
					};
				};
			};
			buildConfigurationList = 3AB3AB05293251310004C554 /* Build configuration list for PBXProject "BankApp" */;
			compatibilityVersion = "Xcode 14.0";
			developmentRegion = en;
			hasScannedForEncodings = 0;
			knownRegions = (
				en,
				Base,
			);
			mainGroup = 3AB3AB01293251310004C554;
			productRefGroup = 3AB3AB0B293251310004C554 /* Products */;
			projectDirPath = "";
			projectRoot = "";
			targets = (
				3AB3AB09293251310004C554 /* BankApp */,
			);
		};
/* End PBXProject section */

/* Begin PBXResourcesBuildPhase section */
		3AB3AB08293251310004C554 /* Resources */ = {
			isa = PBXResourcesBuildPhase;
			buildActionMask = 2147483647;
			files = (
				3AB3AB3E2937B2620004C554 /* AccountSummaryHeaderView.xib in Resources */,
				3AB3AB1A293251320004C554 /* LaunchScreen.storyboard in Resources */,
				3AB3AB17293251320004C554 /* Assets.xcassets in Resources */,
			);
			runOnlyForDeploymentPostprocessing = 0;
		};
/* End PBXResourcesBuildPhase section */

/* Begin PBXSourcesBuildPhase section */
		3AB3AB06293251310004C554 /* Sources */ = {
			isa = PBXSourcesBuildPhase;
			buildActionMask = 2147483647;
			files = (
				3AB3AB422937DFD00004C554 /* AccountSummaryCell.swift in Sources */,
				3AB3AB3C2937B2420004C554 /* AccountSummaryHeaderView.swift in Sources */,
				3AB3AB312936ABE10004C554 /* UIViewController+Utils.swift in Sources */,
				3AB3AB252932562A0004C554 /* LoginView.swift in Sources */,
				3AB3AB2F2933FAF20004C554 /* LocalState.swift in Sources */,
				3AB3AB2C2933F55D0004C554 /* DummyViewController.swift in Sources */,
				3AB3AB12293251310004C554 /* LoginViewController.swift in Sources */,
				3AB3AB2A2933DD7C0004C554 /* OnboardingView.swift in Sources */,
				3AB3AB332936AEAA0004C554 /* MainViewController.swift in Sources */,
				3AB3AB372936AF200004C554 /* MoveMoneyViewController.swift in Sources */,
				3AB3AB352936AF160004C554 /* AccountSummaryViewController.swift in Sources */,
				3AB3AB392936AF280004C554 /* MoreViewController.swift in Sources */,
				3AB3AB0E293251310004C554 /* AppDelegate.swift in Sources */,
				3AB3AB282933C67A0004C554 /* OnboardingContainerViewController.swift in Sources */,
			);
			runOnlyForDeploymentPostprocessing = 0;
		};
/* End PBXSourcesBuildPhase section */

/* Begin PBXVariantGroup section */
		3AB3AB18293251320004C554 /* LaunchScreen.storyboard */ = {
			isa = PBXVariantGroup;
			children = (
				3AB3AB19293251320004C554 /* Base */,
			);
			name = LaunchScreen.storyboard;
			sourceTree = "<group>";
		};
/* End PBXVariantGroup section */

/* Begin XCBuildConfiguration section */
		3AB3AB1C293251320004C554 /* Debug */ = {
			isa = XCBuildConfiguration;
			buildSettings = {
				ALWAYS_SEARCH_USER_PATHS = NO;
				CLANG_ANALYZER_NONNULL = YES;
				CLANG_ANALYZER_NUMBER_OBJECT_CONVERSION = YES_AGGRESSIVE;
				CLANG_CXX_LANGUAGE_STANDARD = "gnu++20";
				CLANG_ENABLE_MODULES = YES;
				CLANG_ENABLE_OBJC_ARC = YES;
				CLANG_ENABLE_OBJC_WEAK = YES;
				CLANG_WARN_BLOCK_CAPTURE_AUTORELEASING = YES;
				CLANG_WARN_BOOL_CONVERSION = YES;
				CLANG_WARN_COMMA = YES;
				CLANG_WARN_CONSTANT_CONVERSION = YES;
				CLANG_WARN_DEPRECATED_OBJC_IMPLEMENTATIONS = YES;
				CLANG_WARN_DIRECT_OBJC_ISA_USAGE = YES_ERROR;
				CLANG_WARN_DOCUMENTATION_COMMENTS = YES;
				CLANG_WARN_EMPTY_BODY = YES;
				CLANG_WARN_ENUM_CONVERSION = YES;
				CLANG_WARN_INFINITE_RECURSION = YES;
				CLANG_WARN_INT_CONVERSION = YES;
				CLANG_WARN_NON_LITERAL_NULL_CONVERSION = YES;
				CLANG_WARN_OBJC_IMPLICIT_RETAIN_SELF = YES;
				CLANG_WARN_OBJC_LITERAL_CONVERSION = YES;
				CLANG_WARN_OBJC_ROOT_CLASS = YES_ERROR;
				CLANG_WARN_QUOTED_INCLUDE_IN_FRAMEWORK_HEADER = YES;
				CLANG_WARN_RANGE_LOOP_ANALYSIS = YES;
				CLANG_WARN_STRICT_PROTOTYPES = YES;
				CLANG_WARN_SUSPICIOUS_MOVE = YES;
				CLANG_WARN_UNGUARDED_AVAILABILITY = YES_AGGRESSIVE;
				CLANG_WARN_UNREACHABLE_CODE = YES;
				CLANG_WARN__DUPLICATE_METHOD_MATCH = YES;
				COPY_PHASE_STRIP = NO;
				DEBUG_INFORMATION_FORMAT = dwarf;
				ENABLE_STRICT_OBJC_MSGSEND = YES;
				ENABLE_TESTABILITY = YES;
				GCC_C_LANGUAGE_STANDARD = gnu11;
				GCC_DYNAMIC_NO_PIC = NO;
				GCC_NO_COMMON_BLOCKS = YES;
				GCC_OPTIMIZATION_LEVEL = 0;
				GCC_PREPROCESSOR_DEFINITIONS = (
					"DEBUG=1",
					"$(inherited)",
				);
				GCC_WARN_64_TO_32_BIT_CONVERSION = YES;
				GCC_WARN_ABOUT_RETURN_TYPE = YES_ERROR;
				GCC_WARN_UNDECLARED_SELECTOR = YES;
				GCC_WARN_UNINITIALIZED_AUTOS = YES_AGGRESSIVE;
				GCC_WARN_UNUSED_FUNCTION = YES;
				GCC_WARN_UNUSED_VARIABLE = YES;
				IPHONEOS_DEPLOYMENT_TARGET = 15.0;
				MTL_ENABLE_DEBUG_INFO = INCLUDE_SOURCE;
				MTL_FAST_MATH = YES;
				ONLY_ACTIVE_ARCH = YES;
				SDKROOT = iphoneos;
				SWIFT_ACTIVE_COMPILATION_CONDITIONS = DEBUG;
				SWIFT_OPTIMIZATION_LEVEL = "-Onone";
			};
			name = Debug;
		};
		3AB3AB1D293251320004C554 /* Release */ = {
			isa = XCBuildConfiguration;
			buildSettings = {
				ALWAYS_SEARCH_USER_PATHS = NO;
				CLANG_ANALYZER_NONNULL = YES;
				CLANG_ANALYZER_NUMBER_OBJECT_CONVERSION = YES_AGGRESSIVE;
				CLANG_CXX_LANGUAGE_STANDARD = "gnu++20";
				CLANG_ENABLE_MODULES = YES;
				CLANG_ENABLE_OBJC_ARC = YES;
				CLANG_ENABLE_OBJC_WEAK = YES;
				CLANG_WARN_BLOCK_CAPTURE_AUTORELEASING = YES;
				CLANG_WARN_BOOL_CONVERSION = YES;
				CLANG_WARN_COMMA = YES;
				CLANG_WARN_CONSTANT_CONVERSION = YES;
				CLANG_WARN_DEPRECATED_OBJC_IMPLEMENTATIONS = YES;
				CLANG_WARN_DIRECT_OBJC_ISA_USAGE = YES_ERROR;
				CLANG_WARN_DOCUMENTATION_COMMENTS = YES;
				CLANG_WARN_EMPTY_BODY = YES;
				CLANG_WARN_ENUM_CONVERSION = YES;
				CLANG_WARN_INFINITE_RECURSION = YES;
				CLANG_WARN_INT_CONVERSION = YES;
				CLANG_WARN_NON_LITERAL_NULL_CONVERSION = YES;
				CLANG_WARN_OBJC_IMPLICIT_RETAIN_SELF = YES;
				CLANG_WARN_OBJC_LITERAL_CONVERSION = YES;
				CLANG_WARN_OBJC_ROOT_CLASS = YES_ERROR;
				CLANG_WARN_QUOTED_INCLUDE_IN_FRAMEWORK_HEADER = YES;
				CLANG_WARN_RANGE_LOOP_ANALYSIS = YES;
				CLANG_WARN_STRICT_PROTOTYPES = YES;
				CLANG_WARN_SUSPICIOUS_MOVE = YES;
				CLANG_WARN_UNGUARDED_AVAILABILITY = YES_AGGRESSIVE;
				CLANG_WARN_UNREACHABLE_CODE = YES;
				CLANG_WARN__DUPLICATE_METHOD_MATCH = YES;
				COPY_PHASE_STRIP = NO;
				DEBUG_INFORMATION_FORMAT = "dwarf-with-dsym";
				ENABLE_NS_ASSERTIONS = NO;
				ENABLE_STRICT_OBJC_MSGSEND = YES;
				GCC_C_LANGUAGE_STANDARD = gnu11;
				GCC_NO_COMMON_BLOCKS = YES;
				GCC_WARN_64_TO_32_BIT_CONVERSION = YES;
				GCC_WARN_ABOUT_RETURN_TYPE = YES_ERROR;
				GCC_WARN_UNDECLARED_SELECTOR = YES;
				GCC_WARN_UNINITIALIZED_AUTOS = YES_AGGRESSIVE;
				GCC_WARN_UNUSED_FUNCTION = YES;
				GCC_WARN_UNUSED_VARIABLE = YES;
				IPHONEOS_DEPLOYMENT_TARGET = 15.0;
				MTL_ENABLE_DEBUG_INFO = NO;
				MTL_FAST_MATH = YES;
				SDKROOT = iphoneos;
				SWIFT_COMPILATION_MODE = wholemodule;
				SWIFT_OPTIMIZATION_LEVEL = "-O";
				VALIDATE_PRODUCT = YES;
			};
			name = Release;
		};
		3AB3AB1F293251320004C554 /* Debug */ = {
			isa = XCBuildConfiguration;
			buildSettings = {
				ASSETCATALOG_COMPILER_APPICON_NAME = AppIcon;
				ASSETCATALOG_COMPILER_GLOBAL_ACCENT_COLOR_NAME = AccentColor;
				CODE_SIGN_STYLE = Automatic;
				CURRENT_PROJECT_VERSION = 1;
				DEVELOPMENT_TEAM = S5766AV554;
				GENERATE_INFOPLIST_FILE = YES;
				INFOPLIST_FILE = BankApp/Info.plist;
				INFOPLIST_KEY_UIApplicationSupportsIndirectInputEvents = YES;
				INFOPLIST_KEY_UILaunchStoryboardName = LaunchScreen;
				INFOPLIST_KEY_UISupportedInterfaceOrientations_iPad = "UIInterfaceOrientationPortrait UIInterfaceOrientationPortraitUpsideDown UIInterfaceOrientationLandscapeLeft UIInterfaceOrientationLandscapeRight";
				INFOPLIST_KEY_UISupportedInterfaceOrientations_iPhone = "UIInterfaceOrientationPortrait UIInterfaceOrientationLandscapeLeft UIInterfaceOrientationLandscapeRight";
				LD_RUNPATH_SEARCH_PATHS = (
					"$(inherited)",
					"@executable_path/Frameworks",
				);
				MARKETING_VERSION = 1.0;
				PRODUCT_BUNDLE_IDENTIFIER = com.notbad.BankApp;
				PRODUCT_NAME = "$(TARGET_NAME)";
				SWIFT_EMIT_LOC_STRINGS = YES;
				SWIFT_VERSION = 5.0;
				TARGETED_DEVICE_FAMILY = "1,2";
			};
			name = Debug;
		};
		3AB3AB20293251320004C554 /* Release */ = {
			isa = XCBuildConfiguration;
			buildSettings = {
				ASSETCATALOG_COMPILER_APPICON_NAME = AppIcon;
				ASSETCATALOG_COMPILER_GLOBAL_ACCENT_COLOR_NAME = AccentColor;
				CODE_SIGN_STYLE = Automatic;
				CURRENT_PROJECT_VERSION = 1;
				DEVELOPMENT_TEAM = S5766AV554;
				GENERATE_INFOPLIST_FILE = YES;
				INFOPLIST_FILE = BankApp/Info.plist;
				INFOPLIST_KEY_UIApplicationSupportsIndirectInputEvents = YES;
				INFOPLIST_KEY_UILaunchStoryboardName = LaunchScreen;
				INFOPLIST_KEY_UISupportedInterfaceOrientations_iPad = "UIInterfaceOrientationPortrait UIInterfaceOrientationPortraitUpsideDown UIInterfaceOrientationLandscapeLeft UIInterfaceOrientationLandscapeRight";
				INFOPLIST_KEY_UISupportedInterfaceOrientations_iPhone = "UIInterfaceOrientationPortrait UIInterfaceOrientationLandscapeLeft UIInterfaceOrientationLandscapeRight";
				LD_RUNPATH_SEARCH_PATHS = (
					"$(inherited)",
					"@executable_path/Frameworks",
				);
				MARKETING_VERSION = 1.0;
				PRODUCT_BUNDLE_IDENTIFIER = com.notbad.BankApp;
				PRODUCT_NAME = "$(TARGET_NAME)";
				SWIFT_EMIT_LOC_STRINGS = YES;
				SWIFT_VERSION = 5.0;
				TARGETED_DEVICE_FAMILY = "1,2";
			};
			name = Release;
		};
/* End XCBuildConfiguration section */

/* Begin XCConfigurationList section */
		3AB3AB05293251310004C554 /* Build configuration list for PBXProject "BankApp" */ = {
			isa = XCConfigurationList;
			buildConfigurations = (
				3AB3AB1C293251320004C554 /* Debug */,
				3AB3AB1D293251320004C554 /* Release */,
			);
			defaultConfigurationIsVisible = 0;
			defaultConfigurationName = Release;
		};
		3AB3AB1E293251320004C554 /* Build configuration list for PBXNativeTarget "BankApp" */ = {
			isa = XCConfigurationList;
			buildConfigurations = (
				3AB3AB1F293251320004C554 /* Debug */,
				3AB3AB20293251320004C554 /* Release */,
			);
			defaultConfigurationIsVisible = 0;
			defaultConfigurationName = Release;
		};
/* End XCConfigurationList section */
	};
	rootObject = 3AB3AB02293251310004C554 /* Project object */;
}
